// !$*UTF8*$!
{
	archiveVersion = 1;
	classes = {
	};
	objectVersion = 46;
	objects = {

/* Begin PBXBuildFile section */
		3DE889F71EF2FE8A005AB175 /* AppDelegate.swift in Sources */ = {isa = PBXBuildFile; fileRef = 3DE889F61EF2FE8A005AB175 /* AppDelegate.swift */; };
		3DE889F91EF2FE8A005AB175 /* ViewController.swift in Sources */ = {isa = PBXBuildFile; fileRef = 3DE889F81EF2FE8A005AB175 /* ViewController.swift */; };
		3DE889FC1EF2FE8A005AB175 /* Main.storyboard in Resources */ = {isa = PBXBuildFile; fileRef = 3DE889FA1EF2FE8A005AB175 /* Main.storyboard */; };
		3DE889FE1EF2FE8A005AB175 /* Assets.xcassets in Resources */ = {isa = PBXBuildFile; fileRef = 3DE889FD1EF2FE8A005AB175 /* Assets.xcassets */; };
		3DE88A011EF2FE8A005AB175 /* LaunchScreen.storyboard in Resources */ = {isa = PBXBuildFile; fileRef = 3DE889FF1EF2FE8A005AB175 /* LaunchScreen.storyboard */; };
		3DE88A0C1EF2FE8A005AB175 /* shitOutTests.swift in Sources */ = {isa = PBXBuildFile; fileRef = 3DE88A0B1EF2FE8A005AB175 /* shitOutTests.swift */; };
		3DE88A171EF2FE8A005AB175 /* shitOutUITests.swift in Sources */ = {isa = PBXBuildFile; fileRef = 3DE88A161EF2FE8A005AB175 /* shitOutUITests.swift */; };
/* End PBXBuildFile section */

/* Begin PBXContainerItemProxy section */
		3DE88A081EF2FE8A005AB175 /* PBXContainerItemProxy */ = {
			isa = PBXContainerItemProxy;
			containerPortal = 3DE889EB1EF2FE89005AB175 /* Project object */;
			proxyType = 1;
			remoteGlobalIDString = 3DE889F21EF2FE89005AB175;
			remoteInfo = shitOut;
		};
		3DE88A131EF2FE8A005AB175 /* PBXContainerItemProxy */ = {
			isa = PBXContainerItemProxy;
			containerPortal = 3DE889EB1EF2FE89005AB175 /* Project object */;
			proxyType = 1;
			remoteGlobalIDString = 3DE889F21EF2FE89005AB175;
			remoteInfo = shitOut;
		};
/* End PBXContainerItemProxy section */

/* Begin PBXFileReference section */
		3DE889F31EF2FE89005AB175 /* shitOut.app */ = {isa = PBXFileReference; explicitFileType = wrapper.application; includeInIndex = 0; path = shitOut.app; sourceTree = BUILT_PRODUCTS_DIR; };
		3DE889F61EF2FE8A005AB175 /* AppDelegate.swift */ = {isa = PBXFileReference; lastKnownFileType = sourcecode.swift; path = AppDelegate.swift; sourceTree = "<group>"; };
		3DE889F81EF2FE8A005AB175 /* ViewController.swift */ = {isa = PBXFileReference; lastKnownFileType = sourcecode.swift; path = ViewController.swift; sourceTree = "<group>"; };
		3DE889FB1EF2FE8A005AB175 /* Base */ = {isa = PBXFileReference; lastKnownFileType = file.storyboard; name = Base; path = Base.lproj/Main.storyboard; sourceTree = "<group>"; };
		3DE889FD1EF2FE8A005AB175 /* Assets.xcassets */ = {isa = PBXFileReference; lastKnownFileType = folder.assetcatalog; path = Assets.xcassets; sourceTree = "<group>"; };
		3DE88A001EF2FE8A005AB175 /* Base */ = {isa = PBXFileReference; lastKnownFileType = file.storyboard; name = Base; path = Base.lproj/LaunchScreen.storyboard; sourceTree = "<group>"; };
		3DE88A021EF2FE8A005AB175 /* Info.plist */ = {isa = PBXFileReference; lastKnownFileType = text.plist.xml; path = Info.plist; sourceTree = "<group>"; };
		3DE88A071EF2FE8A005AB175 /* shitOutTests.xctest */ = {isa = PBXFileReference; explicitFileType = wrapper.cfbundle; includeInIndex = 0; path = shitOutTests.xctest; sourceTree = BUILT_PRODUCTS_DIR; };
		3DE88A0B1EF2FE8A005AB175 /* shitOutTests.swift */ = {isa = PBXFileReference; lastKnownFileType = sourcecode.swift; path = shitOutTests.swift; sourceTree = "<group>"; };
		3DE88A0D1EF2FE8A005AB175 /* Info.plist */ = {isa = PBXFileReference; lastKnownFileType = text.plist.xml; path = Info.plist; sourceTree = "<group>"; };
		3DE88A121EF2FE8A005AB175 /* shitOutUITests.xctest */ = {isa = PBXFileReference; explicitFileType = wrapper.cfbundle; includeInIndex = 0; path = shitOutUITests.xctest; sourceTree = BUILT_PRODUCTS_DIR; };
		3DE88A161EF2FE8A005AB175 /* shitOutUITests.swift */ = {isa = PBXFileReference; lastKnownFileType = sourcecode.swift; path = shitOutUITests.swift; sourceTree = "<group>"; };
		3DE88A181EF2FE8A005AB175 /* Info.plist */ = {isa = PBXFileReference; lastKnownFileType = text.plist.xml; path = Info.plist; sourceTree = "<group>"; };
/* End PBXFileReference section */

/* Begin PBXFrameworksBuildPhase section */
		3DE889F01EF2FE89005AB175 /* Frameworks */ = {
			isa = PBXFrameworksBuildPhase;
			buildActionMask = 2147483647;
			files = (
			);
			runOnlyForDeploymentPostprocessing = 0;
		};
		3DE88A041EF2FE8A005AB175 /* Frameworks */ = {
			isa = PBXFrameworksBuildPhase;
			buildActionMask = 2147483647;
			files = (
			);
			runOnlyForDeploymentPostprocessing = 0;
		};
		3DE88A0F1EF2FE8A005AB175 /* Frameworks */ = {
			isa = PBXFrameworksBuildPhase;
			buildActionMask = 2147483647;
			files = (
			);
			runOnlyForDeploymentPostprocessing = 0;
		};
/* End PBXFrameworksBuildPhase section */

/* Begin PBXGroup section */
		3DE889EA1EF2FE89005AB175 = {
			isa = PBXGroup;
			children = (
				3DE889F51EF2FE89005AB175 /* shitOut */,
				3DE88A0A1EF2FE8A005AB175 /* shitOutTests */,
				3DE88A151EF2FE8A005AB175 /* shitOutUITests */,
				3DE889F41EF2FE89005AB175 /* Products */,
			);
			sourceTree = "<group>";
		};
		3DE889F41EF2FE89005AB175 /* Products */ = {
			isa = PBXGroup;
			children = (
				3DE889F31EF2FE89005AB175 /* shitOut.app */,
				3DE88A071EF2FE8A005AB175 /* shitOutTests.xctest */,
				3DE88A121EF2FE8A005AB175 /* shitOutUITests.xctest */,
			);
			name = Products;
			sourceTree = "<group>";
		};
		3DE889F51EF2FE89005AB175 /* shitOut */ = {
			isa = PBXGroup;
			children = (
				3DE889F61EF2FE8A005AB175 /* AppDelegate.swift */,
				3DE889F81EF2FE8A005AB175 /* ViewController.swift */,
				3DE889FA1EF2FE8A005AB175 /* Main.storyboard */,
				3DE889FD1EF2FE8A005AB175 /* Assets.xcassets */,
				3DE889FF1EF2FE8A005AB175 /* LaunchScreen.storyboard */,
				3DE88A021EF2FE8A005AB175 /* Info.plist */,
			);
			path = shitOut;
			sourceTree = "<group>";
		};
		3DE88A0A1EF2FE8A005AB175 /* shitOutTests */ = {
			isa = PBXGroup;
			children = (
				3DE88A0B1EF2FE8A005AB175 /* shitOutTests.swift */,
				3DE88A0D1EF2FE8A005AB175 /* Info.plist */,
			);
			path = shitOutTests;
			sourceTree = "<group>";
		};
		3DE88A151EF2FE8A005AB175 /* shitOutUITests */ = {
			isa = PBXGroup;
			children = (
				3DE88A161EF2FE8A005AB175 /* shitOutUITests.swift */,
				3DE88A181EF2FE8A005AB175 /* Info.plist */,
			);
			path = shitOutUITests;
			sourceTree = "<group>";
		};
/* End PBXGroup section */

/* Begin PBXNativeTarget section */
		3DE889F21EF2FE89005AB175 /* shitOut */ = {
			isa = PBXNativeTarget;
			buildConfigurationList = 3DE88A1B1EF2FE8A005AB175 /* Build configuration list for PBXNativeTarget "shitOut" */;
			buildPhases = (
				3DE889EF1EF2FE89005AB175 /* Sources */,
				3DE889F01EF2FE89005AB175 /* Frameworks */,
				3DE889F11EF2FE89005AB175 /* Resources */,
			);
			buildRules = (
			);
			dependencies = (
			);
			name = shitOut;
			productName = shitOut;
			productReference = 3DE889F31EF2FE89005AB175 /* shitOut.app */;
			productType = "com.apple.product-type.application";
		};
		3DE88A061EF2FE8A005AB175 /* shitOutTests */ = {
			isa = PBXNativeTarget;
			buildConfigurationList = 3DE88A1E1EF2FE8A005AB175 /* Build configuration list for PBXNativeTarget "shitOutTests" */;
			buildPhases = (
				3DE88A031EF2FE8A005AB175 /* Sources */,
				3DE88A041EF2FE8A005AB175 /* Frameworks */,
				3DE88A051EF2FE8A005AB175 /* Resources */,
			);
			buildRules = (
			);
			dependencies = (
				3DE88A091EF2FE8A005AB175 /* PBXTargetDependency */,
			);
			name = shitOutTests;
			productName = shitOutTests;
			productReference = 3DE88A071EF2FE8A005AB175 /* shitOutTests.xctest */;
			productType = "com.apple.product-type.bundle.unit-test";
		};
		3DE88A111EF2FE8A005AB175 /* shitOutUITests */ = {
			isa = PBXNativeTarget;
			buildConfigurationList = 3DE88A211EF2FE8A005AB175 /* Build configuration list for PBXNativeTarget "shitOutUITests" */;
			buildPhases = (
				3DE88A0E1EF2FE8A005AB175 /* Sources */,
				3DE88A0F1EF2FE8A005AB175 /* Frameworks */,
				3DE88A101EF2FE8A005AB175 /* Resources */,
			);
			buildRules = (
			);
			dependencies = (
				3DE88A141EF2FE8A005AB175 /* PBXTargetDependency */,
			);
			name = shitOutUITests;
			productName = shitOutUITests;
			productReference = 3DE88A121EF2FE8A005AB175 /* shitOutUITests.xctest */;
			productType = "com.apple.product-type.bundle.ui-testing";
		};
/* End PBXNativeTarget section */

/* Begin PBXProject section */
		3DE889EB1EF2FE89005AB175 /* Project object */ = {
			isa = PBXProject;
			attributes = {
				LastSwiftUpdateCheck = 0830;
				LastUpgradeCheck = 0830;
				ORGANIZATIONNAME = "Ramnarayan Chinavelaka";
				TargetAttributes = {
					3DE889F21EF2FE89005AB175 = {
						CreatedOnToolsVersion = 8.3.3;
						ProvisioningStyle = Automatic;
					};
					3DE88A061EF2FE8A005AB175 = {
						CreatedOnToolsVersion = 8.3.3;
						ProvisioningStyle = Automatic;
						TestTargetID = 3DE889F21EF2FE89005AB175;
					};
					3DE88A111EF2FE8A005AB175 = {
						CreatedOnToolsVersion = 8.3.3;
						ProvisioningStyle = Automatic;
						TestTargetID = 3DE889F21EF2FE89005AB175;
					};
				};
			};
			buildConfigurationList = 3DE889EE1EF2FE89005AB175 /* Build configuration list for PBXProject "shitOut" */;
			compatibilityVersion = "Xcode 3.2";
			developmentRegion = English;
			hasScannedForEncodings = 0;
			knownRegions = (
				en,
				Base,
			);
			mainGroup = 3DE889EA1EF2FE89005AB175;
			productRefGroup = 3DE889F41EF2FE89005AB175 /* Products */;
			projectDirPath = "";
			projectRoot = "";
			targets = (
				3DE889F21EF2FE89005AB175 /* shitOut */,
				3DE88A061EF2FE8A005AB175 /* shitOutTests */,
				3DE88A111EF2FE8A005AB175 /* shitOutUITests */,
			);
		};
/* End PBXProject section */

/* Begin PBXResourcesBuildPhase section */
		3DE889F11EF2FE89005AB175 /* Resources */ = {
			isa = PBXResourcesBuildPhase;
			buildActionMask = 2147483647;
			files = (
				3DE88A011EF2FE8A005AB175 /* LaunchScreen.storyboard in Resources */,
				3DE889FE1EF2FE8A005AB175 /* Assets.xcassets in Resources */,
				3DE889FC1EF2FE8A005AB175 /* Main.storyboard in Resources */,
			);
			runOnlyForDeploymentPostprocessing = 0;
		};
		3DE88A051EF2FE8A005AB175 /* Resources */ = {
			isa = PBXResourcesBuildPhase;
			buildActionMask = 2147483647;
			files = (
			);
			runOnlyForDeploymentPostprocessing = 0;
		};
		3DE88A101EF2FE8A005AB175 /* Resources */ = {
			isa = PBXResourcesBuildPhase;
			buildActionMask = 2147483647;
			files = (
			);
			runOnlyForDeploymentPostprocessing = 0;
		};
/* End PBXResourcesBuildPhase section */

/* Begin PBXSourcesBuildPhase section */
		3DE889EF1EF2FE89005AB175 /* Sources */ = {
			isa = PBXSourcesBuildPhase;
			buildActionMask = 2147483647;
			files = (
				3DE889F91EF2FE8A005AB175 /* ViewController.swift in Sources */,
				3DE889F71EF2FE8A005AB175 /* AppDelegate.swift in Sources */,
			);
			runOnlyForDeploymentPostprocessing = 0;
		};
		3DE88A031EF2FE8A005AB175 /* Sources */ = {
			isa = PBXSourcesBuildPhase;
			buildActionMask = 2147483647;
			files = (
				3DE88A0C1EF2FE8A005AB175 /* shitOutTests.swift in Sources */,
			);
			runOnlyForDeploymentPostprocessing = 0;
		};
		3DE88A0E1EF2FE8A005AB175 /* Sources */ = {
			isa = PBXSourcesBuildPhase;
			buildActionMask = 2147483647;
			files = (
				3DE88A171EF2FE8A005AB175 /* shitOutUITests.swift in Sources */,
			);
			runOnlyForDeploymentPostprocessing = 0;
		};
/* End PBXSourcesBuildPhase section */

/* Begin PBXTargetDependency section */
		3DE88A091EF2FE8A005AB175 /* PBXTargetDependency */ = {
			isa = PBXTargetDependency;
			target = 3DE889F21EF2FE89005AB175 /* shitOut */;
			targetProxy = 3DE88A081EF2FE8A005AB175 /* PBXContainerItemProxy */;
		};
		3DE88A141EF2FE8A005AB175 /* PBXTargetDependency */ = {
			isa = PBXTargetDependency;
			target = 3DE889F21EF2FE89005AB175 /* shitOut */;
			targetProxy = 3DE88A131EF2FE8A005AB175 /* PBXContainerItemProxy */;
		};
/* End PBXTargetDependency section */

/* Begin PBXVariantGroup section */
		3DE889FA1EF2FE8A005AB175 /* Main.storyboard */ = {
			isa = PBXVariantGroup;
			children = (
				3DE889FB1EF2FE8A005AB175 /* Base */,
			);
			name = Main.storyboard;
			sourceTree = "<group>";
		};
		3DE889FF1EF2FE8A005AB175 /* LaunchScreen.storyboard */ = {
			isa = PBXVariantGroup;
			children = (
				3DE88A001EF2FE8A005AB175 /* Base */,
			);
			name = LaunchScreen.storyboard;
			sourceTree = "<group>";
		};
/* End PBXVariantGroup section */

/* Begin XCBuildConfiguration section */
		3DE88A191EF2FE8A005AB175 /* Debug */ = {
			isa = XCBuildConfiguration;
			buildSettings = {
				ALWAYS_SEARCH_USER_PATHS = NO;
				CLANG_ANALYZER_NONNULL = YES;
				CLANG_ANALYZER_NUMBER_OBJECT_CONVERSION = YES_AGGRESSIVE;
				CLANG_CXX_LANGUAGE_STANDARD = "gnu++0x";
				CLANG_CXX_LIBRARY = "libc++";
				CLANG_ENABLE_MODULES = YES;
				CLANG_ENABLE_OBJC_ARC = YES;
				CLANG_WARN_BOOL_CONVERSION = YES;
				CLANG_WARN_CONSTANT_CONVERSION = YES;
				CLANG_WARN_DIRECT_OBJC_ISA_USAGE = YES_ERROR;
				CLANG_WARN_DOCUMENTATION_COMMENTS = YES;
				CLANG_WARN_EMPTY_BODY = YES;
				CLANG_WARN_ENUM_CONVERSION = YES;
				CLANG_WARN_INFINITE_RECURSION = YES;
				CLANG_WARN_INT_CONVERSION = YES;
				CLANG_WARN_OBJC_ROOT_CLASS = YES_ERROR;
				CLANG_WARN_SUSPICIOUS_MOVE = YES;
				CLANG_WARN_UNREACHABLE_CODE = YES;
				CLANG_WARN__DUPLICATE_METHOD_MATCH = YES;
				"CODE_SIGN_IDENTITY[sdk=iphoneos*]" = "iPhone Developer";
				COPY_PHASE_STRIP = NO;
				DEBUG_INFORMATION_FORMAT = dwarf;
				ENABLE_STRICT_OBJC_MSGSEND = YES;
				ENABLE_TESTABILITY = YES;
				GCC_C_LANGUAGE_STANDARD = gnu99;
				GCC_DYNAMIC_NO_PIC = NO;
				GCC_NO_COMMON_BLOCKS = YES;
				GCC_OPTIMIZATION_LEVEL = 0;
				GCC_PREPROCESSOR_DEFINITIONS = (
					"DEBUG=1",
					"$(inherited)",
				);
				GCC_WARN_64_TO_32_BIT_CONVERSION = YES;
				GCC_WARN_ABOUT_RETURN_TYPE = YES_ERROR;
				GCC_WARN_UNDECLARED_SELECTOR = YES;
				GCC_WARN_UNINITIALIZED_AUTOS = YES_AGGRESSIVE;
				GCC_WARN_UNUSED_FUNCTION = YES;
				GCC_WARN_UNUSED_VARIABLE = YES;
				IPHONEOS_DEPLOYMENT_TARGET = 10.3;
				MTL_ENABLE_DEBUG_INFO = YES;
				ONLY_ACTIVE_ARCH = YES;
				SDKROOT = iphoneos;
				SWIFT_ACTIVE_COMPILATION_CONDITIONS = DEBUG;
				SWIFT_OPTIMIZATION_LEVEL = "-Onone";
				TARGETED_DEVICE_FAMILY = "1,2";
			};
			name = Debug;
		};
		3DE88A1A1EF2FE8A005AB175 /* Release */ = {
			isa = XCBuildConfiguration;
			buildSettings = {
				ALWAYS_SEARCH_USER_PATHS = NO;
				CLANG_ANALYZER_NONNULL = YES;
				CLANG_ANALYZER_NUMBER_OBJECT_CONVERSION = YES_AGGRESSIVE;
				CLANG_CXX_LANGUAGE_STANDARD = "gnu++0x";
				CLANG_CXX_LIBRARY = "libc++";
				CLANG_ENABLE_MODULES = YES;
				CLANG_ENABLE_OBJC_ARC = YES;
				CLANG_WARN_BOOL_CONVERSION = YES;
				CLANG_WARN_CONSTANT_CONVERSION = YES;
				CLANG_WARN_DIRECT_OBJC_ISA_USAGE = YES_ERROR;
				CLANG_WARN_DOCUMENTATION_COMMENTS = YES;
				CLANG_WARN_EMPTY_BODY = YES;
				CLANG_WARN_ENUM_CONVERSION = YES;
				CLANG_WARN_INFINITE_RECURSION = YES;
				CLANG_WARN_INT_CONVERSION = YES;
				CLANG_WARN_OBJC_ROOT_CLASS = YES_ERROR;
				CLANG_WARN_SUSPICIOUS_MOVE = YES;
				CLANG_WARN_UNREACHABLE_CODE = YES;
				CLANG_WARN__DUPLICATE_METHOD_MATCH = YES;
				"CODE_SIGN_IDENTITY[sdk=iphoneos*]" = "iPhone Developer";
				COPY_PHASE_STRIP = NO;
				DEBUG_INFORMATION_FORMAT = "dwarf-with-dsym";
				ENABLE_NS_ASSERTIONS = NO;
				ENABLE_STRICT_OBJC_MSGSEND = YES;
				GCC_C_LANGUAGE_STANDARD = gnu99;
				GCC_NO_COMMON_BLOCKS = YES;
				GCC_WARN_64_TO_32_BIT_CONVERSION = YES;
				GCC_WARN_ABOUT_RETURN_TYPE = YES_ERROR;
				GCC_WARN_UNDECLARED_SELECTOR = YES;
				GCC_WARN_UNINITIALIZED_AUTOS = YES_AGGRESSIVE;
				GCC_WARN_UNUSED_FUNCTION = YES;
				GCC_WARN_UNUSED_VARIABLE = YES;
				IPHONEOS_DEPLOYMENT_TARGET = 10.3;
				MTL_ENABLE_DEBUG_INFO = NO;
				SDKROOT = iphoneos;
				SWIFT_OPTIMIZATION_LEVEL = "-Owholemodule";
				TARGETED_DEVICE_FAMILY = "1,2";
				VALIDATE_PRODUCT = YES;
			};
			name = Release;
		};
		3DE88A1C1EF2FE8A005AB175 /* Debug */ = {
			isa = XCBuildConfiguration;
			buildSettings = {
				ASSETCATALOG_COMPILER_APPICON_NAME = AppIcon;
				INFOPLIST_FILE = shitOut/Info.plist;
				LD_RUNPATH_SEARCH_PATHS = "$(inherited) @executable_path/Frameworks";
				PRODUCT_BUNDLE_IDENTIFIER = com.stroke.shitOut.ios;
				PRODUCT_NAME = "$(TARGET_NAME)";
				SWIFT_VERSION = 3.0;
			};
			name = Debug;
		};
		3DE88A1D1EF2FE8A005AB175 /* Release */ = {
			isa = XCBuildConfiguration;
			buildSettings = {
				ASSETCATALOG_COMPILER_APPICON_NAME = AppIcon;
				INFOPLIST_FILE = shitOut/Info.plist;
				LD_RUNPATH_SEARCH_PATHS = "$(inherited) @executable_path/Frameworks";
				PRODUCT_BUNDLE_IDENTIFIER = com.stroke.shitOut.ios;
				PRODUCT_NAME = "$(TARGET_NAME)";
				SWIFT_VERSION = 3.0;
			};
			name = Release;
		};
		3DE88A1F1EF2FE8A005AB175 /* Debug */ = {
			isa = XCBuildConfiguration;
			buildSettings = {
				ALWAYS_EMBED_SWIFT_STANDARD_LIBRARIES = YES;
				BUNDLE_LOADER = "$(TEST_HOST)";
				INFOPLIST_FILE = shitOutTests/Info.plist;
				LD_RUNPATH_SEARCH_PATHS = "$(inherited) @executable_path/Frameworks @loader_path/Frameworks";
				PRODUCT_BUNDLE_IDENTIFIER = com.stroke.shitOutTests;
				PRODUCT_NAME = "$(TARGET_NAME)";
				SWIFT_VERSION = 3.0;
				TEST_HOST = "$(BUILT_PRODUCTS_DIR)/shitOut.app/shitOut";
			};
			name = Debug;
		};
		3DE88A201EF2FE8A005AB175 /* Release */ = {
			isa = XCBuildConfiguration;
			buildSettings = {
				ALWAYS_EMBED_SWIFT_STANDARD_LIBRARIES = YES;
				BUNDLE_LOADER = "$(TEST_HOST)";
				INFOPLIST_FILE = shitOutTests/Info.plist;
				LD_RUNPATH_SEARCH_PATHS = "$(inherited) @executable_path/Frameworks @loader_path/Frameworks";
				PRODUCT_BUNDLE_IDENTIFIER = com.stroke.shitOutTests;
				PRODUCT_NAME = "$(TARGET_NAME)";
				SWIFT_VERSION = 3.0;
				TEST_HOST = "$(BUILT_PRODUCTS_DIR)/shitOut.app/shitOut";
			};
			name = Release;
		};
		3DE88A221EF2FE8A005AB175 /* Debug */ = {
			isa = XCBuildConfiguration;
			buildSettings = {
				ALWAYS_EMBED_SWIFT_STANDARD_LIBRARIES = YES;
				INFOPLIST_FILE = shitOutUITests/Info.plist;
				LD_RUNPATH_SEARCH_PATHS = "$(inherited) @executable_path/Frameworks @loader_path/Frameworks";
				PRODUCT_BUNDLE_IDENTIFIER = com.stroke.shitOutUITests;
				PRODUCT_NAME = "$(TARGET_NAME)";
				SWIFT_VERSION = 3.0;
				TEST_TARGET_NAME = shitOut;
			};
			name = Debug;
		};
		3DE88A231EF2FE8A005AB175 /* Release */ = {
			isa = XCBuildConfiguration;
			buildSettings = {
				ALWAYS_EMBED_SWIFT_STANDARD_LIBRARIES = YES;
				INFOPLIST_FILE = shitOutUITests/Info.plist;
				LD_RUNPATH_SEARCH_PATHS = "$(inherited) @executable_path/Frameworks @loader_path/Frameworks";
				PRODUCT_BUNDLE_IDENTIFIER = com.stroke.shitOutUITests;
				PRODUCT_NAME = "$(TARGET_NAME)";
				SWIFT_VERSION = 3.0;
				TEST_TARGET_NAME = shitOut;
			};
			name = Release;
		};
/* End XCBuildConfiguration section */

/* Begin XCConfigurationList section */
		3DE889EE1EF2FE89005AB175 /* Build configuration list for PBXProject "shitOut" */ = {
			isa = XCConfigurationList;
			buildConfigurations = (
				3DE88A191EF2FE8A005AB175 /* Debug */,
				3DE88A1A1EF2FE8A005AB175 /* Release */,
			);
			defaultConfigurationIsVisible = 0;
			defaultConfigurationName = Release;
		};
		3DE88A1B1EF2FE8A005AB175 /* Build configuration list for PBXNativeTarget "shitOut" */ = {
			isa = XCConfigurationList;
			buildConfigurations = (
				3DE88A1C1EF2FE8A005AB175 /* Debug */,
				3DE88A1D1EF2FE8A005AB175 /* Release */,
			);
			defaultConfigurationIsVisible = 0;
		};
		3DE88A1E1EF2FE8A005AB175 /* Build configuration list for PBXNativeTarget "shitOutTests" */ = {
			isa = XCConfigurationList;
			buildConfigurations = (
				3DE88A1F1EF2FE8A005AB175 /* Debug */,
				3DE88A201EF2FE8A005AB175 /* Release */,
			);
			defaultConfigurationIsVisible = 0;
		};
		3DE88A211EF2FE8A005AB175 /* Build configuration list for PBXNativeTarget "shitOutUITests" */ = {
			isa = XCConfigurationList;
			buildConfigurations = (
				3DE88A221EF2FE8A005AB175 /* Debug */,
				3DE88A231EF2FE8A005AB175 /* Release */,
			);
			defaultConfigurationIsVisible = 0;
		};
/* End XCConfigurationList section */
	};
	rootObject = 3DE889EB1EF2FE89005AB175 /* Project object */;
}
